
Microsoft Visual Studio Solution File, Format Version 12.00
# Visual Studio Version 17
VisualStudioVersion = 17.11.35312.102
MinimumVisualStudioVersion = 10.0.40219.1
Project("{FAE04EC0-301F-11D3-BF4B-00C04F79EFBC}") = "Praktika14", "Praktika14.csproj", "{4CFCC275-FE33-4A3E-89E8-039F4DF85C14}"
EndProject
Global
	GlobalSection(SolutionConfigurationPlatforms) = preSolution
		Debug|Any CPU = Debug|Any CPU
		Release|Any CPU = Release|Any CPU
	EndGlobalSection
	GlobalSection(ProjectConfigurationPlatforms) = postSolution
		{4CFCC275-FE33-4A3E-89E8-039F4DF85C14}.Debug|Any CPU.ActiveCfg = Debug|Any CPU
		{4CFCC275-FE33-4A3E-89E8-039F4DF85C14}.Debug|Any CPU.Build.0 = Debug|Any CPU
		{4CFCC275-FE33-4A3E-89E8-039F4DF85C14}.Release|Any CPU.ActiveCfg = Release|Any CPU
		{4CFCC275-FE33-4A3E-89E8-039F4DF85C14}.Release|Any CPU.Build.0 = Release|Any CPU
	EndGlobalSection
	GlobalSection(SolutionProperties) = preSolution
		HideSolutionNode = FALSE
	EndGlobalSection
	GlobalSection(ExtensibilityGlobals) = postSolution
		SolutionGuid = {2B492480-CE95-4109-8B44-76E1DE9076C3}
	EndGlobalSection
EndGlobal
